
Microsoft Visual Studio Solution File, Format Version 12.00
# Visual Studio Version 17
VisualStudioVersion = 17.9.34728.123
MinimumVisualStudioVersion = 10.0.40219.1
Project("{FAE04EC0-301F-11D3-BF4B-00C04F79EFBC}") = "MilkShopManagementDisplay", "MilkShopManagementDisplay\MilkShopManagementDisplay.csproj", "{9027CDBA-652D-4840-BC27-568ADE3A20D1}"
EndProject
Project("{FAE04EC0-301F-11D3-BF4B-00C04F79EFBC}") = "Reprository", "Reprository\Reprository.csproj", "{C0F84FB2-E11F-42A6-BD67-78BD5CFFC22E}"
EndProject
Project("{FAE04EC0-301F-11D3-BF4B-00C04F79EFBC}") = "Services", "Services\Services.csproj", "{1F675E09-600A-4CB8-8A7D-F127EAC21B7C}"
EndProject
Global
	GlobalSection(SolutionConfigurationPlatforms) = preSolution
		Debug|Any CPU = Debug|Any CPU
		Release|Any CPU = Release|Any CPU
	EndGlobalSection
	GlobalSection(ProjectConfigurationPlatforms) = postSolution
		{9027CDBA-652D-4840-BC27-568ADE3A20D1}.Debug|Any CPU.ActiveCfg = Debug|Any CPU
		{9027CDBA-652D-4840-BC27-568ADE3A20D1}.Debug|Any CPU.Build.0 = Debug|Any CPU
		{9027CDBA-652D-4840-BC27-568ADE3A20D1}.Release|Any CPU.ActiveCfg = Release|Any CPU
		{9027CDBA-652D-4840-BC27-568ADE3A20D1}.Release|Any CPU.Build.0 = Release|Any CPU
		{C0F84FB2-E11F-42A6-BD67-78BD5CFFC22E}.Debug|Any CPU.ActiveCfg = Debug|Any CPU
		{C0F84FB2-E11F-42A6-BD67-78BD5CFFC22E}.Debug|Any CPU.Build.0 = Debug|Any CPU
		{C0F84FB2-E11F-42A6-BD67-78BD5CFFC22E}.Release|Any CPU.ActiveCfg = Release|Any CPU
		{C0F84FB2-E11F-42A6-BD67-78BD5CFFC22E}.Release|Any CPU.Build.0 = Release|Any CPU
		{1F675E09-600A-4CB8-8A7D-F127EAC21B7C}.Debug|Any CPU.ActiveCfg = Debug|Any CPU
		{1F675E09-600A-4CB8-8A7D-F127EAC21B7C}.Debug|Any CPU.Build.0 = Debug|Any CPU
		{1F675E09-600A-4CB8-8A7D-F127EAC21B7C}.Release|Any CPU.ActiveCfg = Release|Any CPU
		{1F675E09-600A-4CB8-8A7D-F127EAC21B7C}.Release|Any CPU.Build.0 = Release|Any CPU
	EndGlobalSection
	GlobalSection(SolutionProperties) = preSolution
		HideSolutionNode = FALSE
	EndGlobalSection
	GlobalSection(ExtensibilityGlobals) = postSolution
		SolutionGuid = {0CE83AEA-C203-431D-83F1-307DD411C511}
	EndGlobalSection
EndGlobal
